
Microsoft Visual Studio Solution File, Format Version 12.00
# Visual Studio Version 17
VisualStudioVersion = 17.11.35208.52
MinimumVisualStudioVersion = 10.0.40219.1
Project("{FAE04EC0-301F-11D3-BF4B-00C04F79EFBC}") = "MVC02", "MVC02\MVC02.csproj", "{B7DBE194-1CA5-4BE3-A4A5-CFA5579D55B2}"
EndProject
Global
	GlobalSection(SolutionConfigurationPlatforms) = preSolution
		Debug|Any CPU = Debug|Any CPU
		Release|Any CPU = Release|Any CPU
	EndGlobalSection
	GlobalSection(ProjectConfigurationPlatforms) = postSolution
		{B7DBE194-1CA5-4BE3-A4A5-CFA5579D55B2}.Debug|Any CPU.ActiveCfg = Debug|Any CPU
		{B7DBE194-1CA5-4BE3-A4A5-CFA5579D55B2}.Debug|Any CPU.Build.0 = Debug|Any CPU
		{B7DBE194-1CA5-4BE3-A4A5-CFA5579D55B2}.Release|Any CPU.ActiveCfg = Release|Any CPU
		{B7DBE194-1CA5-4BE3-A4A5-CFA5579D55B2}.Release|Any CPU.Build.0 = Release|Any CPU
	EndGlobalSection
	GlobalSection(SolutionProperties) = preSolution
		HideSolutionNode = FALSE
	EndGlobalSection
	GlobalSection(ExtensibilityGlobals) = postSolution
		SolutionGuid = {7ACD0CBE-C60D-41B5-A09D-F6E12F7D323F}
	EndGlobalSection
EndGlobal
